
Microsoft Visual Studio Solution File, Format Version 12.00
Project("{FAE04EC0-301F-11D3-BF4B-00C04F79EFBC}") = "Day8", "Day8.csproj", "{99A5C8E1-9911-41C3-ACCB-8F58A57C64C0}"
EndProject
Global
	GlobalSection(SolutionConfigurationPlatforms) = preSolution
		Debug|Any CPU = Debug|Any CPU
		Release|Any CPU = Release|Any CPU
	EndGlobalSection
	GlobalSection(ProjectConfigurationPlatforms) = postSolution
		{99A5C8E1-9911-41C3-ACCB-8F58A57C64C0}.Debug|Any CPU.ActiveCfg = Debug|Any CPU
		{99A5C8E1-9911-41C3-ACCB-8F58A57C64C0}.Debug|Any CPU.Build.0 = Debug|Any CPU
		{99A5C8E1-9911-41C3-ACCB-8F58A57C64C0}.Release|Any CPU.ActiveCfg = Release|Any CPU
		{99A5C8E1-9911-41C3-ACCB-8F58A57C64C0}.Release|Any CPU.Build.0 = Release|Any CPU
	EndGlobalSection
EndGlobal
